// !$*UTF8*$!
{
	archiveVersion = 1;
	classes = {
	};
	objectVersion = 46;
	objects = {

/* Begin PBXBuildFile section */
		BA1915223F904137BF9D9E69 /* libPods.a in Frameworks */ = {isa = PBXBuildFile; fileRef = 48519354064740E2A0B03257 /* libPods.a */; };
		F139C0FC1A06B9C8002CE864 /* Logger.m in Sources */ = {isa = PBXBuildFile; fileRef = F139C0FB1A06B9C8002CE864 /* Logger.m */; };
		F1D4052D19FECAB4000C7BCC /* main.m in Sources */ = {isa = PBXBuildFile; fileRef = F1D4052C19FECAB4000C7BCC /* main.m */; };
		F1D4053019FECAB4000C7BCC /* AppDelegate.m in Sources */ = {isa = PBXBuildFile; fileRef = F1D4052F19FECAB4000C7BCC /* AppDelegate.m */; };
		F1D4053319FECAB4000C7BCC /* ViewController.m in Sources */ = {isa = PBXBuildFile; fileRef = F1D4053219FECAB4000C7BCC /* ViewController.m */; };
		F1D4053619FECAB4000C7BCC /* Main.storyboard in Resources */ = {isa = PBXBuildFile; fileRef = F1D4053419FECAB4000C7BCC /* Main.storyboard */; };
		F1D4053819FECAB4000C7BCC /* Images.xcassets in Resources */ = {isa = PBXBuildFile; fileRef = F1D4053719FECAB4000C7BCC /* Images.xcassets */; };
		F1D4053B19FECAB4000C7BCC /* LaunchScreen.xib in Resources */ = {isa = PBXBuildFile; fileRef = F1D4053919FECAB4000C7BCC /* LaunchScreen.xib */; };
		F1D4054719FECAB4000C7BCC /* ViddlerTestTests.m in Sources */ = {isa = PBXBuildFile; fileRef = F1D4054619FECAB4000C7BCC /* ViddlerTestTests.m */; };
		F1D4055119FED1EF000C7BCC /* AVFoundation.framework in Frameworks */ = {isa = PBXBuildFile; fileRef = F1D4055019FED1EF000C7BCC /* AVFoundation.framework */; };
		F1D4055419FF0E53000C7BCC /* ViddlerManager.m in Sources */ = {isa = PBXBuildFile; fileRef = F1D4055319FF0E53000C7BCC /* ViddlerManager.m */; };
		F1D4055819FF0EBE000C7BCC /* BackendCalls.plist in Resources */ = {isa = PBXBuildFile; fileRef = F1D4055519FF0EBE000C7BCC /* BackendCalls.plist */; };
		F1D4055919FF0EBE000C7BCC /* URLProvider.m in Sources */ = {isa = PBXBuildFile; fileRef = F1D4055719FF0EBE000C7BCC /* URLProvider.m */; };
/* End PBXBuildFile section */

/* Begin PBXContainerItemProxy section */
		F1D4054119FECAB4000C7BCC /* PBXContainerItemProxy */ = {
			isa = PBXContainerItemProxy;
			containerPortal = F1D4051F19FECAB3000C7BCC /* Project object */;
			proxyType = 1;
			remoteGlobalIDString = F1D4052619FECAB3000C7BCC;
			remoteInfo = ViddlerTest;
		};
/* End PBXContainerItemProxy section */

/* Begin PBXFileReference section */
		48519354064740E2A0B03257 /* libPods.a */ = {isa = PBXFileReference; explicitFileType = archive.ar; includeInIndex = 0; path = libPods.a; sourceTree = BUILT_PRODUCTS_DIR; };
		D08170584D9CAEF9FDCA955E /* Pods.release.xcconfig */ = {isa = PBXFileReference; includeInIndex = 1; lastKnownFileType = text.xcconfig; name = Pods.release.xcconfig; path = "Pods/Target Support Files/Pods/Pods.release.xcconfig"; sourceTree = "<group>"; };
		E2B3D26F291982C6C21CC743 /* Pods.debug.xcconfig */ = {isa = PBXFileReference; includeInIndex = 1; lastKnownFileType = text.xcconfig; name = Pods.debug.xcconfig; path = "Pods/Target Support Files/Pods/Pods.debug.xcconfig"; sourceTree = "<group>"; };
		F139C0FA1A06B9C8002CE864 /* Logger.h */ = {isa = PBXFileReference; fileEncoding = 4; lastKnownFileType = sourcecode.c.h; path = Logger.h; sourceTree = "<group>"; };
		F139C0FB1A06B9C8002CE864 /* Logger.m */ = {isa = PBXFileReference; fileEncoding = 4; lastKnownFileType = sourcecode.c.objc; path = Logger.m; sourceTree = "<group>"; };
		F1D4052719FECAB4000C7BCC /* ViddlerTest.app */ = {isa = PBXFileReference; explicitFileType = wrapper.application; includeInIndex = 0; path = ViddlerTest.app; sourceTree = BUILT_PRODUCTS_DIR; };
		F1D4052B19FECAB4000C7BCC /* Info.plist */ = {isa = PBXFileReference; lastKnownFileType = text.plist.xml; path = Info.plist; sourceTree = "<group>"; };
		F1D4052C19FECAB4000C7BCC /* main.m */ = {isa = PBXFileReference; lastKnownFileType = sourcecode.c.objc; path = main.m; sourceTree = "<group>"; };
		F1D4052E19FECAB4000C7BCC /* AppDelegate.h */ = {isa = PBXFileReference; lastKnownFileType = sourcecode.c.h; path = AppDelegate.h; sourceTree = "<group>"; };
		F1D4052F19FECAB4000C7BCC /* AppDelegate.m */ = {isa = PBXFileReference; lastKnownFileType = sourcecode.c.objc; path = AppDelegate.m; sourceTree = "<group>"; };
		F1D4053119FECAB4000C7BCC /* ViewController.h */ = {isa = PBXFileReference; lastKnownFileType = sourcecode.c.h; path = ViewController.h; sourceTree = "<group>"; };
		F1D4053219FECAB4000C7BCC /* ViewController.m */ = {isa = PBXFileReference; lastKnownFileType = sourcecode.c.objc; path = ViewController.m; sourceTree = "<group>"; };
		F1D4053519FECAB4000C7BCC /* Base */ = {isa = PBXFileReference; lastKnownFileType = file.storyboard; name = Base; path = Base.lproj/Main.storyboard; sourceTree = "<group>"; };
		F1D4053719FECAB4000C7BCC /* Images.xcassets */ = {isa = PBXFileReference; lastKnownFileType = folder.assetcatalog; path = Images.xcassets; sourceTree = "<group>"; };
		F1D4053A19FECAB4000C7BCC /* Base */ = {isa = PBXFileReference; lastKnownFileType = file.xib; name = Base; path = Base.lproj/LaunchScreen.xib; sourceTree = "<group>"; };
		F1D4054019FECAB4000C7BCC /* ViddlerTestTests.xctest */ = {isa = PBXFileReference; explicitFileType = wrapper.cfbundle; includeInIndex = 0; path = ViddlerTestTests.xctest; sourceTree = BUILT_PRODUCTS_DIR; };
		F1D4054519FECAB4000C7BCC /* Info.plist */ = {isa = PBXFileReference; lastKnownFileType = text.plist.xml; path = Info.plist; sourceTree = "<group>"; };
		F1D4054619FECAB4000C7BCC /* ViddlerTestTests.m */ = {isa = PBXFileReference; lastKnownFileType = sourcecode.c.objc; path = ViddlerTestTests.m; sourceTree = "<group>"; };
		F1D4055019FED1EF000C7BCC /* AVFoundation.framework */ = {isa = PBXFileReference; lastKnownFileType = wrapper.framework; name = AVFoundation.framework; path = System/Library/Frameworks/AVFoundation.framework; sourceTree = SDKROOT; };
		F1D4055219FF0E53000C7BCC /* ViddlerManager.h */ = {isa = PBXFileReference; fileEncoding = 4; lastKnownFileType = sourcecode.c.h; path = ViddlerManager.h; sourceTree = "<group>"; };
		F1D4055319FF0E53000C7BCC /* ViddlerManager.m */ = {isa = PBXFileReference; fileEncoding = 4; lastKnownFileType = sourcecode.c.objc; path = ViddlerManager.m; sourceTree = "<group>"; };
		F1D4055519FF0EBE000C7BCC /* BackendCalls.plist */ = {isa = PBXFileReference; fileEncoding = 4; lastKnownFileType = text.plist.xml; path = BackendCalls.plist; sourceTree = "<group>"; };
		F1D4055619FF0EBE000C7BCC /* URLProvider.h */ = {isa = PBXFileReference; fileEncoding = 4; lastKnownFileType = sourcecode.c.h; path = URLProvider.h; sourceTree = "<group>"; };
		F1D4055719FF0EBE000C7BCC /* URLProvider.m */ = {isa = PBXFileReference; fileEncoding = 4; lastKnownFileType = sourcecode.c.objc; path = URLProvider.m; sourceTree = "<group>"; };
/* End PBXFileReference section */

/* Begin PBXFrameworksBuildPhase section */
		F1D4052419FECAB3000C7BCC /* Frameworks */ = {
			isa = PBXFrameworksBuildPhase;
			buildActionMask = 2147483647;
			files = (
				F1D4055119FED1EF000C7BCC /* AVFoundation.framework in Frameworks */,
				BA1915223F904137BF9D9E69 /* libPods.a in Frameworks */,
			);
			runOnlyForDeploymentPostprocessing = 0;
		};
		F1D4053D19FECAB4000C7BCC /* Frameworks */ = {
			isa = PBXFrameworksBuildPhase;
			buildActionMask = 2147483647;
			files = (
			);
			runOnlyForDeploymentPostprocessing = 0;
		};
/* End PBXFrameworksBuildPhase section */

/* Begin PBXGroup section */
		DEEB5BFB87AC4585B20CC0DB /* Frameworks */ = {
			isa = PBXGroup;
			children = (
				48519354064740E2A0B03257 /* libPods.a */,
			);
			name = Frameworks;
			sourceTree = "<group>";
		};
		E7630BDE68DF7CC59D58DBCE /* Pods */ = {
			isa = PBXGroup;
			children = (
				E2B3D26F291982C6C21CC743 /* Pods.debug.xcconfig */,
				D08170584D9CAEF9FDCA955E /* Pods.release.xcconfig */,
			);
			name = Pods;
			sourceTree = "<group>";
		};
		F1D4051E19FECAB3000C7BCC = {
			isa = PBXGroup;
			children = (
				F1D4055019FED1EF000C7BCC /* AVFoundation.framework */,
				F1D4052919FECAB4000C7BCC /* ViddlerTest */,
				F1D4054319FECAB4000C7BCC /* ViddlerTestTests */,
				F1D4052819FECAB4000C7BCC /* Products */,
				DEEB5BFB87AC4585B20CC0DB /* Frameworks */,
				E7630BDE68DF7CC59D58DBCE /* Pods */,
			);
			sourceTree = "<group>";
		};
		F1D4052819FECAB4000C7BCC /* Products */ = {
			isa = PBXGroup;
			children = (
				F1D4052719FECAB4000C7BCC /* ViddlerTest.app */,
				F1D4054019FECAB4000C7BCC /* ViddlerTestTests.xctest */,
			);
			name = Products;
			sourceTree = "<group>";
		};
		F1D4052919FECAB4000C7BCC /* ViddlerTest */ = {
			isa = PBXGroup;
			children = (
				F139C0FA1A06B9C8002CE864 /* Logger.h */,
				F139C0FB1A06B9C8002CE864 /* Logger.m */,
				F1D4055519FF0EBE000C7BCC /* BackendCalls.plist */,
				F1D4055619FF0EBE000C7BCC /* URLProvider.h */,
				F1D4055719FF0EBE000C7BCC /* URLProvider.m */,
				F1D4055219FF0E53000C7BCC /* ViddlerManager.h */,
				F1D4055319FF0E53000C7BCC /* ViddlerManager.m */,
				F1D4052E19FECAB4000C7BCC /* AppDelegate.h */,
				F1D4052F19FECAB4000C7BCC /* AppDelegate.m */,
				F1D4053119FECAB4000C7BCC /* ViewController.h */,
				F1D4053219FECAB4000C7BCC /* ViewController.m */,
				F1D4053419FECAB4000C7BCC /* Main.storyboard */,
				F1D4053719FECAB4000C7BCC /* Images.xcassets */,
				F1D4053919FECAB4000C7BCC /* LaunchScreen.xib */,
				F1D4052A19FECAB4000C7BCC /* Supporting Files */,
			);
			path = ViddlerTest;
			sourceTree = "<group>";
		};
		F1D4052A19FECAB4000C7BCC /* Supporting Files */ = {
			isa = PBXGroup;
			children = (
				F1D4052B19FECAB4000C7BCC /* Info.plist */,
				F1D4052C19FECAB4000C7BCC /* main.m */,
			);
			name = "Supporting Files";
			sourceTree = "<group>";
		};
		F1D4054319FECAB4000C7BCC /* ViddlerTestTests */ = {
			isa = PBXGroup;
			children = (
				F1D4054619FECAB4000C7BCC /* ViddlerTestTests.m */,
				F1D4054419FECAB4000C7BCC /* Supporting Files */,
			);
			path = ViddlerTestTests;
			sourceTree = "<group>";
		};
		F1D4054419FECAB4000C7BCC /* Supporting Files */ = {
			isa = PBXGroup;
			children = (
				F1D4054519FECAB4000C7BCC /* Info.plist */,
			);
			name = "Supporting Files";
			sourceTree = "<group>";
		};
/* End PBXGroup section */

/* Begin PBXNativeTarget section */
		F1D4052619FECAB3000C7BCC /* ViddlerTest */ = {
			isa = PBXNativeTarget;
			buildConfigurationList = F1D4054A19FECAB4000C7BCC /* Build configuration list for PBXNativeTarget "ViddlerTest" */;
			buildPhases = (
				4273E552EC7547A0AED4A4F9 /* Check Pods Manifest.lock */,
				F1D4052319FECAB3000C7BCC /* Sources */,
				F1D4052419FECAB3000C7BCC /* Frameworks */,
				F1D4052519FECAB3000C7BCC /* Resources */,
				44F0473429324C14A3C96BCE /* Copy Pods Resources */,
			);
			buildRules = (
			);
			dependencies = (
			);
			name = ViddlerTest;
			productName = ViddlerTest;
			productReference = F1D4052719FECAB4000C7BCC /* ViddlerTest.app */;
			productType = "com.apple.product-type.application";
		};
		F1D4053F19FECAB4000C7BCC /* ViddlerTestTests */ = {
			isa = PBXNativeTarget;
			buildConfigurationList = F1D4054D19FECAB4000C7BCC /* Build configuration list for PBXNativeTarget "ViddlerTestTests" */;
			buildPhases = (
				F1D4053C19FECAB4000C7BCC /* Sources */,
				F1D4053D19FECAB4000C7BCC /* Frameworks */,
				F1D4053E19FECAB4000C7BCC /* Resources */,
			);
			buildRules = (
			);
			dependencies = (
				F1D4054219FECAB4000C7BCC /* PBXTargetDependency */,
			);
			name = ViddlerTestTests;
			productName = ViddlerTestTests;
			productReference = F1D4054019FECAB4000C7BCC /* ViddlerTestTests.xctest */;
			productType = "com.apple.product-type.bundle.unit-test";
		};
/* End PBXNativeTarget section */

/* Begin PBXProject section */
		F1D4051F19FECAB3000C7BCC /* Project object */ = {
			isa = PBXProject;
			attributes = {
				LastUpgradeCheck = 0600;
				ORGANIZATIONNAME = "simple-task";
				TargetAttributes = {
					F1D4052619FECAB3000C7BCC = {
						CreatedOnToolsVersion = 6.0.1;
						DevelopmentTeam = CVGQ7965M4;
					};
					F1D4053F19FECAB4000C7BCC = {
						CreatedOnToolsVersion = 6.0.1;
						TestTargetID = F1D4052619FECAB3000C7BCC;
					};
				};
			};
			buildConfigurationList = F1D4052219FECAB3000C7BCC /* Build configuration list for PBXProject "ViddlerTest" */;
			compatibilityVersion = "Xcode 3.2";
			developmentRegion = English;
			hasScannedForEncodings = 0;
			knownRegions = (
				en,
				Base,
			);
			mainGroup = F1D4051E19FECAB3000C7BCC;
			productRefGroup = F1D4052819FECAB4000C7BCC /* Products */;
			projectDirPath = "";
			projectRoot = "";
			targets = (
				F1D4052619FECAB3000C7BCC /* ViddlerTest */,
				F1D4053F19FECAB4000C7BCC /* ViddlerTestTests */,
			);
		};
/* End PBXProject section */

/* Begin PBXResourcesBuildPhase section */
		F1D4052519FECAB3000C7BCC /* Resources */ = {
			isa = PBXResourcesBuildPhase;
			buildActionMask = 2147483647;
			files = (
				F1D4053619FECAB4000C7BCC /* Main.storyboard in Resources */,
				F1D4053B19FECAB4000C7BCC /* LaunchScreen.xib in Resources */,
				F1D4053819FECAB4000C7BCC /* Images.xcassets in Resources */,
				F1D4055819FF0EBE000C7BCC /* BackendCalls.plist in Resources */,
			);
			runOnlyForDeploymentPostprocessing = 0;
		};
		F1D4053E19FECAB4000C7BCC /* Resources */ = {
			isa = PBXResourcesBuildPhase;
			buildActionMask = 2147483647;
			files = (
			);
			runOnlyForDeploymentPostprocessing = 0;
		};
/* End PBXResourcesBuildPhase section */

/* Begin PBXShellScriptBuildPhase section */
		4273E552EC7547A0AED4A4F9 /* Check Pods Manifest.lock */ = {
			isa = PBXShellScriptBuildPhase;
			buildActionMask = 2147483647;
			files = (
			);
			inputPaths = (
			);
			name = "Check Pods Manifest.lock";
			outputPaths = (
			);
			runOnlyForDeploymentPostprocessing = 0;
			shellPath = /bin/sh;
			shellScript = "diff \"${PODS_ROOT}/../Podfile.lock\" \"${PODS_ROOT}/Manifest.lock\" > /dev/null\nif [[ $? != 0 ]] ; then\n    cat << EOM\nerror: The sandbox is not in sync with the Podfile.lock. Run 'pod install' or update your CocoaPods installation.\nEOM\n    exit 1\nfi\n";
			showEnvVarsInLog = 0;
		};
		44F0473429324C14A3C96BCE /* Copy Pods Resources */ = {
			isa = PBXShellScriptBuildPhase;
			buildActionMask = 2147483647;
			files = (
			);
			inputPaths = (
			);
			name = "Copy Pods Resources";
			outputPaths = (
			);
			runOnlyForDeploymentPostprocessing = 0;
			shellPath = /bin/sh;
			shellScript = "\"${SRCROOT}/Pods/Target Support Files/Pods/Pods-resources.sh\"\n";
			showEnvVarsInLog = 0;
		};
/* End PBXShellScriptBuildPhase section */

/* Begin PBXSourcesBuildPhase section */
		F1D4052319FECAB3000C7BCC /* Sources */ = {
			isa = PBXSourcesBuildPhase;
			buildActionMask = 2147483647;
			files = (
				F1D4055419FF0E53000C7BCC /* ViddlerManager.m in Sources */,
				F139C0FC1A06B9C8002CE864 /* Logger.m in Sources */,
				F1D4055919FF0EBE000C7BCC /* URLProvider.m in Sources */,
				F1D4053319FECAB4000C7BCC /* ViewController.m in Sources */,
				F1D4053019FECAB4000C7BCC /* AppDelegate.m in Sources */,
				F1D4052D19FECAB4000C7BCC /* main.m in Sources */,
			);
			runOnlyForDeploymentPostprocessing = 0;
		};
		F1D4053C19FECAB4000C7BCC /* Sources */ = {
			isa = PBXSourcesBuildPhase;
			buildActionMask = 2147483647;
			files = (
				F1D4054719FECAB4000C7BCC /* ViddlerTestTests.m in Sources */,
			);
			runOnlyForDeploymentPostprocessing = 0;
		};
/* End PBXSourcesBuildPhase section */

/* Begin PBXTargetDependency section */
		F1D4054219FECAB4000C7BCC /* PBXTargetDependency */ = {
			isa = PBXTargetDependency;
			target = F1D4052619FECAB3000C7BCC /* ViddlerTest */;
			targetProxy = F1D4054119FECAB4000C7BCC /* PBXContainerItemProxy */;
		};
/* End PBXTargetDependency section */

/* Begin PBXVariantGroup section */
		F1D4053419FECAB4000C7BCC /* Main.storyboard */ = {
			isa = PBXVariantGroup;
			children = (
				F1D4053519FECAB4000C7BCC /* Base */,
			);
			name = Main.storyboard;
			sourceTree = "<group>";
		};
		F1D4053919FECAB4000C7BCC /* LaunchScreen.xib */ = {
			isa = PBXVariantGroup;
			children = (
				F1D4053A19FECAB4000C7BCC /* Base */,
			);
			name = LaunchScreen.xib;
			sourceTree = "<group>";
		};
/* End PBXVariantGroup section */

/* Begin XCBuildConfiguration section */
		F1D4054819FECAB4000C7BCC /* Debug */ = {
			isa = XCBuildConfiguration;
			buildSettings = {
				ALWAYS_SEARCH_USER_PATHS = NO;
				CLANG_CXX_LANGUAGE_STANDARD = "gnu++0x";
				CLANG_CXX_LIBRARY = "libc++";
				CLANG_ENABLE_MODULES = YES;
				CLANG_ENABLE_OBJC_ARC = YES;
				CLANG_WARN_BOOL_CONVERSION = YES;
				CLANG_WARN_CONSTANT_CONVERSION = YES;
				CLANG_WARN_DIRECT_OBJC_ISA_USAGE = YES_ERROR;
				CLANG_WARN_EMPTY_BODY = YES;
				CLANG_WARN_ENUM_CONVERSION = YES;
				CLANG_WARN_INT_CONVERSION = YES;
				CLANG_WARN_OBJC_ROOT_CLASS = YES_ERROR;
				CLANG_WARN_UNREACHABLE_CODE = YES;
				CLANG_WARN__DUPLICATE_METHOD_MATCH = YES;
				"CODE_SIGN_IDENTITY[sdk=iphoneos*]" = "iPhone Developer";
				COPY_PHASE_STRIP = NO;
				ENABLE_STRICT_OBJC_MSGSEND = YES;
				GCC_C_LANGUAGE_STANDARD = gnu99;
				GCC_DYNAMIC_NO_PIC = NO;
				GCC_OPTIMIZATION_LEVEL = 0;
				GCC_PREPROCESSOR_DEFINITIONS = (
					"DEBUG=1",
					"$(inherited)",
				);
				GCC_SYMBOLS_PRIVATE_EXTERN = NO;
				GCC_WARN_64_TO_32_BIT_CONVERSION = YES;
				GCC_WARN_ABOUT_RETURN_TYPE = YES_ERROR;
				GCC_WARN_UNDECLARED_SELECTOR = YES;
				GCC_WARN_UNINITIALIZED_AUTOS = YES_AGGRESSIVE;
				GCC_WARN_UNUSED_FUNCTION = YES;
				GCC_WARN_UNUSED_VARIABLE = YES;
				IPHONEOS_DEPLOYMENT_TARGET = 8.0;
				MTL_ENABLE_DEBUG_INFO = YES;
				ONLY_ACTIVE_ARCH = YES;
				PROVISIONING_PROFILE = "eaf3a2ec-daa8-4903-bc07-4d2ae2a0828b";
				SDKROOT = iphoneos;
			};
			name = Debug;
		};
		F1D4054919FECAB4000C7BCC /* Release */ = {
			isa = XCBuildConfiguration;
			buildSettings = {
				ALWAYS_SEARCH_USER_PATHS = NO;
				CLANG_CXX_LANGUAGE_STANDARD = "gnu++0x";
				CLANG_CXX_LIBRARY = "libc++";
				CLANG_ENABLE_MODULES = YES;
				CLANG_ENABLE_OBJC_ARC = YES;
				CLANG_WARN_BOOL_CONVERSION = YES;
				CLANG_WARN_CONSTANT_CONVERSION = YES;
				CLANG_WARN_DIRECT_OBJC_ISA_USAGE = YES_ERROR;
				CLANG_WARN_EMPTY_BODY = YES;
				CLANG_WARN_ENUM_CONVERSION = YES;
				CLANG_WARN_INT_CONVERSION = YES;
				CLANG_WARN_OBJC_ROOT_CLASS = YES_ERROR;
				CLANG_WARN_UNREACHABLE_CODE = YES;
				CLANG_WARN__DUPLICATE_METHOD_MATCH = YES;
				"CODE_SIGN_IDENTITY[sdk=iphoneos*]" = "iPhone Developer";
				COPY_PHASE_STRIP = YES;
				ENABLE_NS_ASSERTIONS = NO;
				ENABLE_STRICT_OBJC_MSGSEND = YES;
				GCC_C_LANGUAGE_STANDARD = gnu99;
				GCC_WARN_64_TO_32_BIT_CONVERSION = YES;
				GCC_WARN_ABOUT_RETURN_TYPE = YES_ERROR;
				GCC_WARN_UNDECLARED_SELECTOR = YES;
				GCC_WARN_UNINITIALIZED_AUTOS = YES_AGGRESSIVE;
				GCC_WARN_UNUSED_FUNCTION = YES;
				GCC_WARN_UNUSED_VARIABLE = YES;
				IPHONEOS_DEPLOYMENT_TARGET = 8.0;
				MTL_ENABLE_DEBUG_INFO = NO;
				PROVISIONING_PROFILE = "eaf3a2ec-daa8-4903-bc07-4d2ae2a0828b";
				SDKROOT = iphoneos;
				VALIDATE_PRODUCT = YES;
			};
			name = Release;
		};
		F1D4054B19FECAB4000C7BCC /* Debug */ = {
			isa = XCBuildConfiguration;
			baseConfigurationReference = E2B3D26F291982C6C21CC743 /* Pods.debug.xcconfig */;
			buildSettings = {
				ASSETCATALOG_COMPILER_APPICON_NAME = AppIcon;
				CODE_SIGN_IDENTITY = "iPhone Developer";
				INFOPLIST_FILE = ViddlerTest/Info.plist;
				LD_RUNPATH_SEARCH_PATHS = "$(inherited) @executable_path/Frameworks";
				PRODUCT_NAME = "$(TARGET_NAME)";
				PROVISIONING_PROFILE = "eaf3a2ec-daa8-4903-bc07-4d2ae2a0828b";
			};
			name = Debug;
		};
		F1D4054C19FECAB4000C7BCC /* Release */ = {
			isa = XCBuildConfiguration;
			baseConfigurationReference = D08170584D9CAEF9FDCA955E /* Pods.release.xcconfig */;
			buildSettings = {
				ASSETCATALOG_COMPILER_APPICON_NAME = AppIcon;
				CODE_SIGN_IDENTITY = "iPhone Developer";
				INFOPLIST_FILE = ViddlerTest/Info.plist;
				LD_RUNPATH_SEARCH_PATHS = "$(inherited) @executable_path/Frameworks";
				PRODUCT_NAME = "$(TARGET_NAME)";
				PROVISIONING_PROFILE = "eaf3a2ec-daa8-4903-bc07-4d2ae2a0828b";
			};
			name = Release;
		};
		F1D4054E19FECAB4000C7BCC /* Debug */ = {
			isa = XCBuildConfiguration;
			buildSettings = {
				BUNDLE_LOADER = "$(TEST_HOST)";
				FRAMEWORK_SEARCH_PATHS = (
					"$(SDKROOT)/Developer/Library/Frameworks",
					"$(inherited)",
				);
				GCC_PREPROCESSOR_DEFINITIONS = (
					"DEBUG=1",
					"$(inherited)",
				);
				INFOPLIST_FILE = ViddlerTestTests/Info.plist;
				LD_RUNPATH_SEARCH_PATHS = "$(inherited) @executable_path/Frameworks @loader_path/Frameworks";
				PRODUCT_NAME = "$(TARGET_NAME)";
				PROVISIONING_PROFILE = "eaf3a2ec-daa8-4903-bc07-4d2ae2a0828b";
				TEST_HOST = "$(BUILT_PRODUCTS_DIR)/ViddlerTest.app/ViddlerTest";
			};
			name = Debug;
		};
		F1D4054F19FECAB4000C7BCC /* Release */ = {
			isa = XCBuildConfiguration;
			buildSettings = {
				BUNDLE_LOADER = "$(TEST_HOST)";
				FRAMEWORK_SEARCH_PATHS = (
					"$(SDKROOT)/Developer/Library/Frameworks",
					"$(inherited)",
				);
				INFOPLIST_FILE = ViddlerTestTests/Info.plist;
				LD_RUNPATH_SEARCH_PATHS = "$(inherited) @executable_path/Frameworks @loader_path/Frameworks";
				PRODUCT_NAME = "$(TARGET_NAME)";
				PROVISIONING_PROFILE = "eaf3a2ec-daa8-4903-bc07-4d2ae2a0828b";
				TEST_HOST = "$(BUILT_PRODUCTS_DIR)/ViddlerTest.app/ViddlerTest";
			};
			name = Release;
		};
/* End XCBuildConfiguration section */

/* Begin XCConfigurationList section */
		F1D4052219FECAB3000C7BCC /* Build configuration list for PBXProject "ViddlerTest" */ = {
			isa = XCConfigurationList;
			buildConfigurations = (
				F1D4054819FECAB4000C7BCC /* Debug */,
				F1D4054919FECAB4000C7BCC /* Release */,
			);
			defaultConfigurationIsVisible = 0;
			defaultConfigurationName = Release;
		};
		F1D4054A19FECAB4000C7BCC /* Build configuration list for PBXNativeTarget "ViddlerTest" */ = {
			isa = XCConfigurationList;
			buildConfigurations = (
				F1D4054B19FECAB4000C7BCC /* Debug */,
				F1D4054C19FECAB4000C7BCC /* Release */,
			);
			defaultConfigurationIsVisible = 0;
			defaultConfigurationName = Release;
		};
		F1D4054D19FECAB4000C7BCC /* Build configuration list for PBXNativeTarget "ViddlerTestTests" */ = {
			isa = XCConfigurationList;
			buildConfigurations = (
				F1D4054E19FECAB4000C7BCC /* Debug */,
				F1D4054F19FECAB4000C7BCC /* Release */,
			);
			defaultConfigurationIsVisible = 0;
			defaultConfigurationName = Release;
		};
/* End XCConfigurationList section */
	};
	rootObject = F1D4051F19FECAB3000C7BCC /* Project object */;
}
